
Microsoft Visual Studio Solution File, Format Version 12.00
# Visual Studio 14
VisualStudioVersion = 14.0.25420.1
MinimumVisualStudioVersion = 10.0.40219.1
Project("{FAE04EC0-301F-11D3-BF4B-00C04F79EFBC}") = "CDAPackage", "CDAPackage\CDAPackage.csproj", "{691ADC5A-8ACB-433E-846A-84B256E2B934}"
EndProject
Project("{FAE04EC0-301F-11D3-BF4B-00C04F79EFBC}") = "CDAPackage.Sample", "CDAPackage.Sample\CDAPackage.Sample.csproj", "{729A7059-8E29-4B84-93C7-F28D97C89634}"
EndProject
Global
	GlobalSection(SolutionConfigurationPlatforms) = preSolution
		Debug|Any CPU = Debug|Any CPU
		Release|Any CPU = Release|Any CPU
	EndGlobalSection
	GlobalSection(ProjectConfigurationPlatforms) = postSolution
		{691ADC5A-8ACB-433E-846A-84B256E2B934}.Debug|Any CPU.ActiveCfg = Debug|Any CPU
		{691ADC5A-8ACB-433E-846A-84B256E2B934}.Debug|Any CPU.Build.0 = Debug|Any CPU
		{691ADC5A-8ACB-433E-846A-84B256E2B934}.Release|Any CPU.ActiveCfg = Release|Any CPU
		{691ADC5A-8ACB-433E-846A-84B256E2B934}.Release|Any CPU.Build.0 = Release|Any CPU
		{729A7059-8E29-4B84-93C7-F28D97C89634}.Debug|Any CPU.ActiveCfg = Debug|Any CPU
		{729A7059-8E29-4B84-93C7-F28D97C89634}.Debug|Any CPU.Build.0 = Debug|Any CPU
		{729A7059-8E29-4B84-93C7-F28D97C89634}.Release|Any CPU.ActiveCfg = Release|Any CPU
		{729A7059-8E29-4B84-93C7-F28D97C89634}.Release|Any CPU.Build.0 = Release|Any CPU
	EndGlobalSection
	GlobalSection(SolutionProperties) = preSolution
		HideSolutionNode = FALSE
	EndGlobalSection
EndGlobal
